// !$*UTF8*$!
{
	archiveVersion = 1;
	classes = {
	};
	objectVersion = 56;
	objects = {

/* Begin PBXBuildFile section */
		0030DA4C2A24A159001B6261 /* AppDelegate.swift in Sources */ = {isa = PBXBuildFile; fileRef = 0030DA4B2A24A159001B6261 /* AppDelegate.swift */; };
		0030DA502A24A159001B6261 /* ViewController.swift in Sources */ = {isa = PBXBuildFile; fileRef = 0030DA4F2A24A159001B6261 /* ViewController.swift */; };
		0030DA532A24A159001B6261 /* Main.storyboard in Resources */ = {isa = PBXBuildFile; fileRef = 0030DA512A24A159001B6261 /* Main.storyboard */; };
		0030DA552A24A15C001B6261 /* Assets.xcassets in Resources */ = {isa = PBXBuildFile; fileRef = 0030DA542A24A15C001B6261 /* Assets.xcassets */; };
		0030DA582A24A15C001B6261 /* LaunchScreen.storyboard in Resources */ = {isa = PBXBuildFile; fileRef = 0030DA562A24A15C001B6261 /* LaunchScreen.storyboard */; };
		0030DA632A24A15C001B6261 /* WYYSDKTests.swift in Sources */ = {isa = PBXBuildFile; fileRef = 0030DA622A24A15C001B6261 /* WYYSDKTests.swift */; };
		0030DA6D2A24A15C001B6261 /* WYYSDKUITests.swift in Sources */ = {isa = PBXBuildFile; fileRef = 0030DA6C2A24A15C001B6261 /* WYYSDKUITests.swift */; };
		0030DA6F2A24A15C001B6261 /* WYYSDKUITestsLaunchTests.swift in Sources */ = {isa = PBXBuildFile; fileRef = 0030DA6E2A24A15C001B6261 /* WYYSDKUITestsLaunchTests.swift */; };
		0082E4812A25DA010030C148 /* UIView.swift in Sources */ = {isa = PBXBuildFile; fileRef = 0082E4802A25DA010030C148 /* UIView.swift */; };
		0082E4832A25DA170030C148 /* UILabel.swift in Sources */ = {isa = PBXBuildFile; fileRef = 0082E4822A25DA170030C148 /* UILabel.swift */; };
		0082E4852A25DA220030C148 /* UIButton.swift in Sources */ = {isa = PBXBuildFile; fileRef = 0082E4842A25DA220030C148 /* UIButton.swift */; };
		0082E4892A25DA3E0030C148 /* UIText.swift in Sources */ = {isa = PBXBuildFile; fileRef = 0082E4882A25DA3E0030C148 /* UIText.swift */; };
		0082E48B2A25DA680030C148 /* UITextField.swift in Sources */ = {isa = PBXBuildFile; fileRef = 0082E48A2A25DA680030C148 /* UITextField.swift */; };
		0082E48D2A25DA970030C148 /* UITable.swift in Sources */ = {isa = PBXBuildFile; fileRef = 0082E48C2A25DA970030C148 /* UITable.swift */; };
		0082E48F2A25DA9F0030C148 /* UICollection.swift in Sources */ = {isa = PBXBuildFile; fileRef = 0082E48E2A25DA9F0030C148 /* UICollection.swift */; };
		0082E49E2A2722E70030C148 /* UIScroller.swift in Sources */ = {isa = PBXBuildFile; fileRef = 0082E49D2A2722E70030C148 /* UIScroller.swift */; };
		0082E4A02A28371A0030C148 /* WObserver.swift in Sources */ = {isa = PBXBuildFile; fileRef = 0082E49F2A28371A0030C148 /* WObserver.swift */; };
		0082E4A22A283E530030C148 /* WJSONProtocol.swift in Sources */ = {isa = PBXBuildFile; fileRef = 0082E4A12A283E530030C148 /* WJSONProtocol.swift */; };
		0082E4A42A28836C0030C148 /* WJson.swift in Sources */ = {isa = PBXBuildFile; fileRef = 0082E4A32A28836C0030C148 /* WJson.swift */; };
		0082E4A62A2889F40030C148 /* WKV.swift in Sources */ = {isa = PBXBuildFile; fileRef = 0082E4A52A2889F40030C148 /* WKV.swift */; };
		0082E4AC2A2979AD0030C148 /* WDB.swift in Sources */ = {isa = PBXBuildFile; fileRef = 0082E4AB2A2979AD0030C148 /* WDB.swift */; };
		0082E4AE2A2979D40030C148 /* WSQL.swift in Sources */ = {isa = PBXBuildFile; fileRef = 0082E4AD2A2979D40030C148 /* WSQL.swift */; };
		0082E4B02A29C8210030C148 /* WNotice.swift in Sources */ = {isa = PBXBuildFile; fileRef = 0082E4AF2A29C8210030C148 /* WNotice.swift */; };
		0082E4B22A29DE630030C148 /* WTask.swift in Sources */ = {isa = PBXBuildFile; fileRef = 0082E4B12A29DE630030C148 /* WTask.swift */; };
		0082E4B42A2DC7060030C148 /* WRouter.swift in Sources */ = {isa = PBXBuildFile; fileRef = 0082E4B32A2DC7060030C148 /* WRouter.swift */; };
		0082E4B62A2DD0D20030C148 /* wrouter.json in Resources */ = {isa = PBXBuildFile; fileRef = 0082E4B52A2DD0D20030C148 /* wrouter.json */; };
		0082E4BA2A2DE1230030C148 /* WMask.swift in Sources */ = {isa = PBXBuildFile; fileRef = 0082E4B92A2DE1230030C148 /* WMask.swift */; };
		0082E4BC2A2DE4A30030C148 /* WToast.swift in Sources */ = {isa = PBXBuildFile; fileRef = 0082E4BB2A2DE4A30030C148 /* WToast.swift */; };
		009FB4A82A5262300081D680 /* TestViewController.swift in Sources */ = {isa = PBXBuildFile; fileRef = 009FB4A72A5262300081D680 /* TestViewController.swift */; };
		009FB4AB2A553DC10081D680 /* UISlideHoverView.swift in Sources */ = {isa = PBXBuildFile; fileRef = 009FB4AA2A553DC10081D680 /* UISlideHoverView.swift */; };
		00BFFD962A36AA5800469E74 /* WLayout.swift in Sources */ = {isa = PBXBuildFile; fileRef = 00BFFD952A36AA5700469E74 /* WLayout.swift */; };
		7585D2FD2A60D828007A9293 /* WDefaultTarget.swift in Sources */ = {isa = PBXBuildFile; fileRef = 7585D2FC2A60D828007A9293 /* WDefaultTarget.swift */; };
		7585D2FF2A60D85F007A9293 /* WValueEvent.swift in Sources */ = {isa = PBXBuildFile; fileRef = 7585D2FE2A60D85F007A9293 /* WValueEvent.swift */; };
		7585D3012A60D887007A9293 /* WValueBilding.swift in Sources */ = {isa = PBXBuildFile; fileRef = 7585D3002A60D887007A9293 /* WValueBilding.swift */; };
		7585D3032A60DAEC007A9293 /* UIGestureRecognizer.swift in Sources */ = {isa = PBXBuildFile; fileRef = 7585D3022A60DAEC007A9293 /* UIGestureRecognizer.swift */; };
/* End PBXBuildFile section */

/* Begin PBXContainerItemProxy section */
		0030DA5F2A24A15C001B6261 /* PBXContainerItemProxy */ = {
			isa = PBXContainerItemProxy;
			containerPortal = 0030DA402A24A159001B6261 /* Project object */;
			proxyType = 1;
			remoteGlobalIDString = 0030DA472A24A159001B6261;
			remoteInfo = WYYSDK;
		};
		0030DA692A24A15C001B6261 /* PBXContainerItemProxy */ = {
			isa = PBXContainerItemProxy;
			containerPortal = 0030DA402A24A159001B6261 /* Project object */;
			proxyType = 1;
			remoteGlobalIDString = 0030DA472A24A159001B6261;
			remoteInfo = WYYSDK;
		};
/* End PBXContainerItemProxy section */

/* Begin PBXFileReference section */
		0030DA482A24A159001B6261 /* WYYSDK.app */ = {isa = PBXFileReference; explicitFileType = wrapper.application; includeInIndex = 0; path = WYYSDK.app; sourceTree = BUILT_PRODUCTS_DIR; };
		0030DA4B2A24A159001B6261 /* AppDelegate.swift */ = {isa = PBXFileReference; lastKnownFileType = sourcecode.swift; path = AppDelegate.swift; sourceTree = "<group>"; };
		0030DA4F2A24A159001B6261 /* ViewController.swift */ = {isa = PBXFileReference; lastKnownFileType = sourcecode.swift; path = ViewController.swift; sourceTree = "<group>"; };
		0030DA522A24A159001B6261 /* Base */ = {isa = PBXFileReference; lastKnownFileType = file.storyboard; name = Base; path = Base.lproj/Main.storyboard; sourceTree = "<group>"; };
		0030DA542A24A15C001B6261 /* Assets.xcassets */ = {isa = PBXFileReference; lastKnownFileType = folder.assetcatalog; path = Assets.xcassets; sourceTree = "<group>"; };
		0030DA572A24A15C001B6261 /* Base */ = {isa = PBXFileReference; lastKnownFileType = file.storyboard; name = Base; path = Base.lproj/LaunchScreen.storyboard; sourceTree = "<group>"; };
		0030DA592A24A15C001B6261 /* Info.plist */ = {isa = PBXFileReference; lastKnownFileType = text.plist.xml; path = Info.plist; sourceTree = "<group>"; };
		0030DA5E2A24A15C001B6261 /* WYYSDKTests.xctest */ = {isa = PBXFileReference; explicitFileType = wrapper.cfbundle; includeInIndex = 0; path = WYYSDKTests.xctest; sourceTree = BUILT_PRODUCTS_DIR; };
		0030DA622A24A15C001B6261 /* WYYSDKTests.swift */ = {isa = PBXFileReference; lastKnownFileType = sourcecode.swift; path = WYYSDKTests.swift; sourceTree = "<group>"; };
		0030DA682A24A15C001B6261 /* WYYSDKUITests.xctest */ = {isa = PBXFileReference; explicitFileType = wrapper.cfbundle; includeInIndex = 0; path = WYYSDKUITests.xctest; sourceTree = BUILT_PRODUCTS_DIR; };
		0030DA6C2A24A15C001B6261 /* WYYSDKUITests.swift */ = {isa = PBXFileReference; lastKnownFileType = sourcecode.swift; path = WYYSDKUITests.swift; sourceTree = "<group>"; };
		0030DA6E2A24A15C001B6261 /* WYYSDKUITestsLaunchTests.swift */ = {isa = PBXFileReference; lastKnownFileType = sourcecode.swift; path = WYYSDKUITestsLaunchTests.swift; sourceTree = "<group>"; };
		0082E4802A25DA010030C148 /* UIView.swift */ = {isa = PBXFileReference; lastKnownFileType = sourcecode.swift; path = UIView.swift; sourceTree = "<group>"; };
		0082E4822A25DA170030C148 /* UILabel.swift */ = {isa = PBXFileReference; lastKnownFileType = sourcecode.swift; path = UILabel.swift; sourceTree = "<group>"; };
		0082E4842A25DA220030C148 /* UIButton.swift */ = {isa = PBXFileReference; lastKnownFileType = sourcecode.swift; path = UIButton.swift; sourceTree = "<group>"; };
		0082E4882A25DA3E0030C148 /* UIText.swift */ = {isa = PBXFileReference; lastKnownFileType = sourcecode.swift; path = UIText.swift; sourceTree = "<group>"; };
		0082E48A2A25DA680030C148 /* UITextField.swift */ = {isa = PBXFileReference; lastKnownFileType = sourcecode.swift; path = UITextField.swift; sourceTree = "<group>"; };
		0082E48C2A25DA970030C148 /* UITable.swift */ = {isa = PBXFileReference; lastKnownFileType = sourcecode.swift; path = UITable.swift; sourceTree = "<group>"; };
		0082E48E2A25DA9F0030C148 /* UICollection.swift */ = {isa = PBXFileReference; lastKnownFileType = sourcecode.swift; path = UICollection.swift; sourceTree = "<group>"; };
		0082E49D2A2722E70030C148 /* UIScroller.swift */ = {isa = PBXFileReference; lastKnownFileType = sourcecode.swift; path = UIScroller.swift; sourceTree = "<group>"; };
		0082E49F2A28371A0030C148 /* WObserver.swift */ = {isa = PBXFileReference; lastKnownFileType = sourcecode.swift; path = WObserver.swift; sourceTree = "<group>"; };
		0082E4A12A283E530030C148 /* WJSONProtocol.swift */ = {isa = PBXFileReference; lastKnownFileType = sourcecode.swift; path = WJSONProtocol.swift; sourceTree = "<group>"; };
		0082E4A32A28836C0030C148 /* WJson.swift */ = {isa = PBXFileReference; lastKnownFileType = sourcecode.swift; path = WJson.swift; sourceTree = "<group>"; };
		0082E4A52A2889F40030C148 /* WKV.swift */ = {isa = PBXFileReference; lastKnownFileType = sourcecode.swift; path = WKV.swift; sourceTree = "<group>"; };
		0082E4AB2A2979AD0030C148 /* WDB.swift */ = {isa = PBXFileReference; lastKnownFileType = sourcecode.swift; path = WDB.swift; sourceTree = "<group>"; };
		0082E4AD2A2979D40030C148 /* WSQL.swift */ = {isa = PBXFileReference; lastKnownFileType = sourcecode.swift; path = WSQL.swift; sourceTree = "<group>"; };
		0082E4AF2A29C8210030C148 /* WNotice.swift */ = {isa = PBXFileReference; lastKnownFileType = sourcecode.swift; path = WNotice.swift; sourceTree = "<group>"; };
		0082E4B12A29DE630030C148 /* WTask.swift */ = {isa = PBXFileReference; lastKnownFileType = sourcecode.swift; path = WTask.swift; sourceTree = "<group>"; };
		0082E4B32A2DC7060030C148 /* WRouter.swift */ = {isa = PBXFileReference; lastKnownFileType = sourcecode.swift; path = WRouter.swift; sourceTree = "<group>"; };
		0082E4B52A2DD0D20030C148 /* wrouter.json */ = {isa = PBXFileReference; lastKnownFileType = text.json; path = wrouter.json; sourceTree = "<group>"; };
		0082E4B92A2DE1230030C148 /* WMask.swift */ = {isa = PBXFileReference; lastKnownFileType = sourcecode.swift; path = WMask.swift; sourceTree = "<group>"; };
		0082E4BB2A2DE4A30030C148 /* WToast.swift */ = {isa = PBXFileReference; lastKnownFileType = sourcecode.swift; path = WToast.swift; sourceTree = "<group>"; };
		009FB4A72A5262300081D680 /* TestViewController.swift */ = {isa = PBXFileReference; lastKnownFileType = sourcecode.swift; path = TestViewController.swift; sourceTree = "<group>"; };
		009FB4AA2A553DC10081D680 /* UISlideHoverView.swift */ = {isa = PBXFileReference; lastKnownFileType = sourcecode.swift; path = UISlideHoverView.swift; sourceTree = "<group>"; };
		00BFFD952A36AA5700469E74 /* WLayout.swift */ = {isa = PBXFileReference; lastKnownFileType = sourcecode.swift; path = WLayout.swift; sourceTree = "<group>"; };
		7585D2FC2A60D828007A9293 /* WDefaultTarget.swift */ = {isa = PBXFileReference; lastKnownFileType = sourcecode.swift; path = WDefaultTarget.swift; sourceTree = "<group>"; };
		7585D2FE2A60D85F007A9293 /* WValueEvent.swift */ = {isa = PBXFileReference; lastKnownFileType = sourcecode.swift; path = WValueEvent.swift; sourceTree = "<group>"; };
		7585D3002A60D887007A9293 /* WValueBilding.swift */ = {isa = PBXFileReference; lastKnownFileType = sourcecode.swift; path = WValueBilding.swift; sourceTree = "<group>"; };
		7585D3022A60DAEC007A9293 /* UIGestureRecognizer.swift */ = {isa = PBXFileReference; lastKnownFileType = sourcecode.swift; path = UIGestureRecognizer.swift; sourceTree = "<group>"; };
/* End PBXFileReference section */

/* Begin PBXFrameworksBuildPhase section */
		0030DA452A24A159001B6261 /* Frameworks */ = {
			isa = PBXFrameworksBuildPhase;
			buildActionMask = 2147483647;
			files = (
			);
			runOnlyForDeploymentPostprocessing = 0;
		};
		0030DA5B2A24A15C001B6261 /* Frameworks */ = {
			isa = PBXFrameworksBuildPhase;
			buildActionMask = 2147483647;
			files = (
			);
			runOnlyForDeploymentPostprocessing = 0;
		};
		0030DA652A24A15C001B6261 /* Frameworks */ = {
			isa = PBXFrameworksBuildPhase;
			buildActionMask = 2147483647;
			files = (
			);
			runOnlyForDeploymentPostprocessing = 0;
		};
/* End PBXFrameworksBuildPhase section */

/* Begin PBXGroup section */
		0030DA3F2A24A159001B6261 = {
			isa = PBXGroup;
			children = (
				0030DA4A2A24A159001B6261 /* WYYSDK */,
				0030DA612A24A15C001B6261 /* WYYSDKTests */,
				0030DA6B2A24A15C001B6261 /* WYYSDKUITests */,
				0030DA492A24A159001B6261 /* Products */,
			);
			sourceTree = "<group>";
		};
		0030DA492A24A159001B6261 /* Products */ = {
			isa = PBXGroup;
			children = (
				0030DA482A24A159001B6261 /* WYYSDK.app */,
				0030DA5E2A24A15C001B6261 /* WYYSDKTests.xctest */,
				0030DA682A24A15C001B6261 /* WYYSDKUITests.xctest */,
			);
			name = Products;
			sourceTree = "<group>";
		};
		0030DA4A2A24A159001B6261 /* WYYSDK */ = {
			isa = PBXGroup;
			children = (
				0030DA7B2A25927C001B6261 /* Resources */,
				0030DA4B2A24A159001B6261 /* AppDelegate.swift */,
				0030DA4F2A24A159001B6261 /* ViewController.swift */,
				009FB4A72A5262300081D680 /* TestViewController.swift */,
				0082E4B52A2DD0D20030C148 /* wrouter.json */,
				0030DA512A24A159001B6261 /* Main.storyboard */,
				0030DA542A24A15C001B6261 /* Assets.xcassets */,
				0030DA562A24A15C001B6261 /* LaunchScreen.storyboard */,
				0030DA592A24A15C001B6261 /* Info.plist */,
			);
			path = WYYSDK;
			sourceTree = "<group>";
		};
		0030DA612A24A15C001B6261 /* WYYSDKTests */ = {
			isa = PBXGroup;
			children = (
				0030DA622A24A15C001B6261 /* WYYSDKTests.swift */,
			);
			path = WYYSDKTests;
			sourceTree = "<group>";
		};
		0030DA6B2A24A15C001B6261 /* WYYSDKUITests */ = {
			isa = PBXGroup;
			children = (
				0030DA6C2A24A15C001B6261 /* WYYSDKUITests.swift */,
				0030DA6E2A24A15C001B6261 /* WYYSDKUITestsLaunchTests.swift */,
			);
			path = WYYSDKUITests;
			sourceTree = "<group>";
		};
		0030DA7B2A25927C001B6261 /* Resources */ = {
			isa = PBXGroup;
			children = (
				7585D2FB2A60D814007A9293 /* Core */,
				0082E4982A25DFBA0030C148 /* Mask */,
				0082E47F2A25D9D10030C148 /* View */,
				0082E47E2A25D9CE0030C148 /* Layout */,
				0082E47D2A25D9CB0030C148 /* Json */,
				0082E4922A25DAF50030C148 /* DB */,
				0082E4952A25DCFB0030C148 /* KeyValue */,
				0082E4912A25DAF20030C148 /* Observer */,
				0082E4902A25DAF00030C148 /* Notice */,
				0082E4962A25DE170030C148 /* Router */,
				0082E4942A25DC500030C148 /* Task */,
			);
			path = Resources;
			sourceTree = "<group>";
		};
		0082E47D2A25D9CB0030C148 /* Json */ = {
			isa = PBXGroup;
			children = (
				0082E4A12A283E530030C148 /* WJSONProtocol.swift */,
				0082E4A32A28836C0030C148 /* WJson.swift */,
			);
			path = Json;
			sourceTree = "<group>";
		};
		0082E47E2A25D9CE0030C148 /* Layout */ = {
			isa = PBXGroup;
			children = (
				00BFFD952A36AA5700469E74 /* WLayout.swift */,
			);
			path = Layout;
			sourceTree = "<group>";
		};
		0082E47F2A25D9D10030C148 /* View */ = {
			isa = PBXGroup;
			children = (
				7585D3022A60DAEC007A9293 /* UIGestureRecognizer.swift */,
				0082E4802A25DA010030C148 /* UIView.swift */,
				0082E4822A25DA170030C148 /* UILabel.swift */,
				0082E4842A25DA220030C148 /* UIButton.swift */,
				0082E4882A25DA3E0030C148 /* UIText.swift */,
				0082E48A2A25DA680030C148 /* UITextField.swift */,
				0082E49D2A2722E70030C148 /* UIScroller.swift */,
				0082E48C2A25DA970030C148 /* UITable.swift */,
				0082E48E2A25DA9F0030C148 /* UICollection.swift */,
				009FB4AA2A553DC10081D680 /* UISlideHoverView.swift */,
			);
			path = View;
			sourceTree = "<group>";
		};
		0082E4902A25DAF00030C148 /* Notice */ = {
			isa = PBXGroup;
			children = (
				0082E4AF2A29C8210030C148 /* WNotice.swift */,
			);
			path = Notice;
			sourceTree = "<group>";
		};
		0082E4912A25DAF20030C148 /* Observer */ = {
			isa = PBXGroup;
			children = (
				0082E49F2A28371A0030C148 /* WObserver.swift */,
			);
			path = Observer;
			sourceTree = "<group>";
		};
		0082E4922A25DAF50030C148 /* DB */ = {
			isa = PBXGroup;
			children = (
				0082E4AB2A2979AD0030C148 /* WDB.swift */,
				0082E4AD2A2979D40030C148 /* WSQL.swift */,
			);
			path = DB;
			sourceTree = "<group>";
		};
		0082E4942A25DC500030C148 /* Task */ = {
			isa = PBXGroup;
			children = (
				0082E4B12A29DE630030C148 /* WTask.swift */,
			);
			path = Task;
			sourceTree = "<group>";
		};
		0082E4952A25DCFB0030C148 /* KeyValue */ = {
			isa = PBXGroup;
			children = (
				0082E4A52A2889F40030C148 /* WKV.swift */,
			);
			path = KeyValue;
			sourceTree = "<group>";
		};
		0082E4962A25DE170030C148 /* Router */ = {
			isa = PBXGroup;
			children = (
				0082E4B32A2DC7060030C148 /* WRouter.swift */,
			);
			path = Router;
			sourceTree = "<group>";
		};
		0082E4982A25DFBA0030C148 /* Mask */ = {
			isa = PBXGroup;
			children = (
				0082E4B92A2DE1230030C148 /* WMask.swift */,
				0082E4BB2A2DE4A30030C148 /* WToast.swift */,
			);
			path = Mask;
			sourceTree = "<group>";
		};
		7585D2FB2A60D814007A9293 /* Core */ = {
			isa = PBXGroup;
			children = (
				7585D2FC2A60D828007A9293 /* WDefaultTarget.swift */,
				7585D2FE2A60D85F007A9293 /* WValueEvent.swift */,
				7585D3002A60D887007A9293 /* WValueBilding.swift */,
			);
			path = Core;
			sourceTree = "<group>";
		};
/* End PBXGroup section */

/* Begin PBXNativeTarget section */
		0030DA472A24A159001B6261 /* WYYSDK */ = {
			isa = PBXNativeTarget;
			buildConfigurationList = 0030DA722A24A15C001B6261 /* Build configuration list for PBXNativeTarget "WYYSDK" */;
			buildPhases = (
				0030DA442A24A159001B6261 /* Sources */,
				0030DA452A24A159001B6261 /* Frameworks */,
				0030DA462A24A159001B6261 /* Resources */,
			);
			buildRules = (
			);
			dependencies = (
			);
			name = WYYSDK;
			productName = WYYSDK;
			productReference = 0030DA482A24A159001B6261 /* WYYSDK.app */;
			productType = "com.apple.product-type.application";
		};
		0030DA5D2A24A15C001B6261 /* WYYSDKTests */ = {
			isa = PBXNativeTarget;
			buildConfigurationList = 0030DA752A24A15C001B6261 /* Build configuration list for PBXNativeTarget "WYYSDKTests" */;
			buildPhases = (
				0030DA5A2A24A15C001B6261 /* Sources */,
				0030DA5B2A24A15C001B6261 /* Frameworks */,
				0030DA5C2A24A15C001B6261 /* Resources */,
			);
			buildRules = (
			);
			dependencies = (
				0030DA602A24A15C001B6261 /* PBXTargetDependency */,
			);
			name = WYYSDKTests;
			productName = WYYSDKTests;
			productReference = 0030DA5E2A24A15C001B6261 /* WYYSDKTests.xctest */;
			productType = "com.apple.product-type.bundle.unit-test";
		};
		0030DA672A24A15C001B6261 /* WYYSDKUITests */ = {
			isa = PBXNativeTarget;
			buildConfigurationList = 0030DA782A24A15C001B6261 /* Build configuration list for PBXNativeTarget "WYYSDKUITests" */;
			buildPhases = (
				0030DA642A24A15C001B6261 /* Sources */,
				0030DA652A24A15C001B6261 /* Frameworks */,
				0030DA662A24A15C001B6261 /* Resources */,
			);
			buildRules = (
			);
			dependencies = (
				0030DA6A2A24A15C001B6261 /* PBXTargetDependency */,
			);
			name = WYYSDKUITests;
			productName = WYYSDKUITests;
			productReference = 0030DA682A24A15C001B6261 /* WYYSDKUITests.xctest */;
			productType = "com.apple.product-type.bundle.ui-testing";
		};
/* End PBXNativeTarget section */

/* Begin PBXProject section */
		0030DA402A24A159001B6261 /* Project object */ = {
			isa = PBXProject;
			attributes = {
				BuildIndependentTargetsInParallel = 1;
				LastSwiftUpdateCheck = 1420;
				LastUpgradeCheck = 1420;
				TargetAttributes = {
					0030DA472A24A159001B6261 = {
						CreatedOnToolsVersion = 14.2;
					};
					0030DA5D2A24A15C001B6261 = {
						CreatedOnToolsVersion = 14.2;
						TestTargetID = 0030DA472A24A159001B6261;
					};
					0030DA672A24A15C001B6261 = {
						CreatedOnToolsVersion = 14.2;
						TestTargetID = 0030DA472A24A159001B6261;
					};
				};
			};
			buildConfigurationList = 0030DA432A24A159001B6261 /* Build configuration list for PBXProject "WYYSDK" */;
			compatibilityVersion = "Xcode 14.0";
			developmentRegion = en;
			hasScannedForEncodings = 0;
			knownRegions = (
				en,
				Base,
			);
			mainGroup = 0030DA3F2A24A159001B6261;
			productRefGroup = 0030DA492A24A159001B6261 /* Products */;
			projectDirPath = "";
			projectRoot = "";
			targets = (
				0030DA472A24A159001B6261 /* WYYSDK */,
				0030DA5D2A24A15C001B6261 /* WYYSDKTests */,
				0030DA672A24A15C001B6261 /* WYYSDKUITests */,
			);
		};
/* End PBXProject section */

/* Begin PBXResourcesBuildPhase section */
		0030DA462A24A159001B6261 /* Resources */ = {
			isa = PBXResourcesBuildPhase;
			buildActionMask = 2147483647;
			files = (
				0030DA582A24A15C001B6261 /* LaunchScreen.storyboard in Resources */,
				0030DA552A24A15C001B6261 /* Assets.xcassets in Resources */,
				0030DA532A24A159001B6261 /* Main.storyboard in Resources */,
				0082E4B62A2DD0D20030C148 /* wrouter.json in Resources */,
			);
			runOnlyForDeploymentPostprocessing = 0;
		};
		0030DA5C2A24A15C001B6261 /* Resources */ = {
			isa = PBXResourcesBuildPhase;
			buildActionMask = 2147483647;
			files = (
			);
			runOnlyForDeploymentPostprocessing = 0;
		};
		0030DA662A24A15C001B6261 /* Resources */ = {
			isa = PBXResourcesBuildPhase;
			buildActionMask = 2147483647;
			files = (
			);
			runOnlyForDeploymentPostprocessing = 0;
		};
/* End PBXResourcesBuildPhase section */

/* Begin PBXSourcesBuildPhase section */
		0030DA442A24A159001B6261 /* Sources */ = {
			isa = PBXSourcesBuildPhase;
			buildActionMask = 2147483647;
			files = (
				0082E4B22A29DE630030C148 /* WTask.swift in Sources */,
				0082E4812A25DA010030C148 /* UIView.swift in Sources */,
				009FB4AB2A553DC10081D680 /* UISlideHoverView.swift in Sources */,
				0082E4AC2A2979AD0030C148 /* WDB.swift in Sources */,
				0082E4A42A28836C0030C148 /* WJson.swift in Sources */,
				0082E4BC2A2DE4A30030C148 /* WToast.swift in Sources */,
				0082E48F2A25DA9F0030C148 /* UICollection.swift in Sources */,
				0082E48D2A25DA970030C148 /* UITable.swift in Sources */,
				0082E4A62A2889F40030C148 /* WKV.swift in Sources */,
				0082E49E2A2722E70030C148 /* UIScroller.swift in Sources */,
				7585D2FD2A60D828007A9293 /* WDefaultTarget.swift in Sources */,
				0082E4A02A28371A0030C148 /* WObserver.swift in Sources */,
				009FB4A82A5262300081D680 /* TestViewController.swift in Sources */,
				0082E4BA2A2DE1230030C148 /* WMask.swift in Sources */,
				0082E4852A25DA220030C148 /* UIButton.swift in Sources */,
				00BFFD962A36AA5800469E74 /* WLayout.swift in Sources */,
				0082E4B02A29C8210030C148 /* WNotice.swift in Sources */,
				7585D3032A60DAEC007A9293 /* UIGestureRecognizer.swift in Sources */,
				0030DA502A24A159001B6261 /* ViewController.swift in Sources */,
				7585D2FF2A60D85F007A9293 /* WValueEvent.swift in Sources */,
				0082E48B2A25DA680030C148 /* UITextField.swift in Sources */,
				0082E4AE2A2979D40030C148 /* WSQL.swift in Sources */,
				0082E4892A25DA3E0030C148 /* UIText.swift in Sources */,
				0030DA4C2A24A159001B6261 /* AppDelegate.swift in Sources */,
				0082E4B42A2DC7060030C148 /* WRouter.swift in Sources */,
				0082E4A22A283E530030C148 /* WJSONProtocol.swift in Sources */,
				0082E4832A25DA170030C148 /* UILabel.swift in Sources */,
				7585D3012A60D887007A9293 /* WValueBilding.swift in Sources */,
			);
			runOnlyForDeploymentPostprocessing = 0;
		};
		0030DA5A2A24A15C001B6261 /* Sources */ = {
			isa = PBXSourcesBuildPhase;
			buildActionMask = 2147483647;
			files = (
				0030DA632A24A15C001B6261 /* WYYSDKTests.swift in Sources */,
			);
			runOnlyForDeploymentPostprocessing = 0;
		};
		0030DA642A24A15C001B6261 /* Sources */ = {
			isa = PBXSourcesBuildPhase;
			buildActionMask = 2147483647;
			files = (
				0030DA6D2A24A15C001B6261 /* WYYSDKUITests.swift in Sources */,
				0030DA6F2A24A15C001B6261 /* WYYSDKUITestsLaunchTests.swift in Sources */,
			);
			runOnlyForDeploymentPostprocessing = 0;
		};
/* End PBXSourcesBuildPhase section */

/* Begin PBXTargetDependency section */
		0030DA602A24A15C001B6261 /* PBXTargetDependency */ = {
			isa = PBXTargetDependency;
			target = 0030DA472A24A159001B6261 /* WYYSDK */;
			targetProxy = 0030DA5F2A24A15C001B6261 /* PBXContainerItemProxy */;
		};
		0030DA6A2A24A15C001B6261 /* PBXTargetDependency */ = {
			isa = PBXTargetDependency;
			target = 0030DA472A24A159001B6261 /* WYYSDK */;
			targetProxy = 0030DA692A24A15C001B6261 /* PBXContainerItemProxy */;
		};
/* End PBXTargetDependency section */

/* Begin PBXVariantGroup section */
		0030DA512A24A159001B6261 /* Main.storyboard */ = {
			isa = PBXVariantGroup;
			children = (
				0030DA522A24A159001B6261 /* Base */,
			);
			name = Main.storyboard;
			sourceTree = "<group>";
		};
		0030DA562A24A15C001B6261 /* LaunchScreen.storyboard */ = {
			isa = PBXVariantGroup;
			children = (
				0030DA572A24A15C001B6261 /* Base */,
			);
			name = LaunchScreen.storyboard;
			sourceTree = "<group>";
		};
/* End PBXVariantGroup section */

/* Begin XCBuildConfiguration section */
		0030DA702A24A15C001B6261 /* Debug */ = {
			isa = XCBuildConfiguration;
			buildSettings = {
				ALWAYS_SEARCH_USER_PATHS = NO;
				CLANG_ANALYZER_NONNULL = YES;
				CLANG_ANALYZER_NUMBER_OBJECT_CONVERSION = YES_AGGRESSIVE;
				CLANG_CXX_LANGUAGE_STANDARD = "gnu++20";
				CLANG_ENABLE_MODULES = YES;
				CLANG_ENABLE_OBJC_ARC = YES;
				CLANG_ENABLE_OBJC_WEAK = YES;
				CLANG_WARN_BLOCK_CAPTURE_AUTORELEASING = YES;
				CLANG_WARN_BOOL_CONVERSION = YES;
				CLANG_WARN_COMMA = YES;
				CLANG_WARN_CONSTANT_CONVERSION = YES;
				CLANG_WARN_DEPRECATED_OBJC_IMPLEMENTATIONS = YES;
				CLANG_WARN_DIRECT_OBJC_ISA_USAGE = YES_ERROR;
				CLANG_WARN_DOCUMENTATION_COMMENTS = YES;
				CLANG_WARN_EMPTY_BODY = YES;
				CLANG_WARN_ENUM_CONVERSION = YES;
				CLANG_WARN_INFINITE_RECURSION = YES;
				CLANG_WARN_INT_CONVERSION = YES;
				CLANG_WARN_NON_LITERAL_NULL_CONVERSION = YES;
				CLANG_WARN_OBJC_IMPLICIT_RETAIN_SELF = YES;
				CLANG_WARN_OBJC_LITERAL_CONVERSION = YES;
				CLANG_WARN_OBJC_ROOT_CLASS = YES_ERROR;
				CLANG_WARN_QUOTED_INCLUDE_IN_FRAMEWORK_HEADER = YES;
				CLANG_WARN_RANGE_LOOP_ANALYSIS = YES;
				CLANG_WARN_STRICT_PROTOTYPES = YES;
				CLANG_WARN_SUSPICIOUS_MOVE = YES;
				CLANG_WARN_UNGUARDED_AVAILABILITY = YES_AGGRESSIVE;
				CLANG_WARN_UNREACHABLE_CODE = YES;
				CLANG_WARN__DUPLICATE_METHOD_MATCH = YES;
				COPY_PHASE_STRIP = NO;
				DEBUG_INFORMATION_FORMAT = dwarf;
				ENABLE_STRICT_OBJC_MSGSEND = YES;
				ENABLE_TESTABILITY = YES;
				GCC_C_LANGUAGE_STANDARD = gnu11;
				GCC_DYNAMIC_NO_PIC = NO;
				GCC_NO_COMMON_BLOCKS = YES;
				GCC_OPTIMIZATION_LEVEL = 0;
				GCC_PREPROCESSOR_DEFINITIONS = (
					"DEBUG=1",
					"$(inherited)",
				);
				GCC_WARN_64_TO_32_BIT_CONVERSION = YES;
				GCC_WARN_ABOUT_RETURN_TYPE = YES_ERROR;
				GCC_WARN_UNDECLARED_SELECTOR = YES;
				GCC_WARN_UNINITIALIZED_AUTOS = YES_AGGRESSIVE;
				GCC_WARN_UNUSED_FUNCTION = YES;
				GCC_WARN_UNUSED_VARIABLE = YES;
				GENERATE_INFOPLIST_FILE = YES;
				IPHONEOS_DEPLOYMENT_TARGET = 11.0;
				MTL_ENABLE_DEBUG_INFO = INCLUDE_SOURCE;
				MTL_FAST_MATH = YES;
				ONLY_ACTIVE_ARCH = YES;
				SDKROOT = iphoneos;
				SWIFT_ACTIVE_COMPILATION_CONDITIONS = DEBUG;
				SWIFT_OPTIMIZATION_LEVEL = "-Onone";
			};
			name = Debug;
		};
		0030DA712A24A15C001B6261 /* Release */ = {
			isa = XCBuildConfiguration;
			buildSettings = {
				ALWAYS_SEARCH_USER_PATHS = NO;
				CLANG_ANALYZER_NONNULL = YES;
				CLANG_ANALYZER_NUMBER_OBJECT_CONVERSION = YES_AGGRESSIVE;
				CLANG_CXX_LANGUAGE_STANDARD = "gnu++20";
				CLANG_ENABLE_MODULES = YES;
				CLANG_ENABLE_OBJC_ARC = YES;
				CLANG_ENABLE_OBJC_WEAK = YES;
				CLANG_WARN_BLOCK_CAPTURE_AUTORELEASING = YES;
				CLANG_WARN_BOOL_CONVERSION = YES;
				CLANG_WARN_COMMA = YES;
				CLANG_WARN_CONSTANT_CONVERSION = YES;
				CLANG_WARN_DEPRECATED_OBJC_IMPLEMENTATIONS = YES;
				CLANG_WARN_DIRECT_OBJC_ISA_USAGE = YES_ERROR;
				CLANG_WARN_DOCUMENTATION_COMMENTS = YES;
				CLANG_WARN_EMPTY_BODY = YES;
				CLANG_WARN_ENUM_CONVERSION = YES;
				CLANG_WARN_INFINITE_RECURSION = YES;
				CLANG_WARN_INT_CONVERSION = YES;
				CLANG_WARN_NON_LITERAL_NULL_CONVERSION = YES;
				CLANG_WARN_OBJC_IMPLICIT_RETAIN_SELF = YES;
				CLANG_WARN_OBJC_LITERAL_CONVERSION = YES;
				CLANG_WARN_OBJC_ROOT_CLASS = YES_ERROR;
				CLANG_WARN_QUOTED_INCLUDE_IN_FRAMEWORK_HEADER = YES;
				CLANG_WARN_RANGE_LOOP_ANALYSIS = YES;
				CLANG_WARN_STRICT_PROTOTYPES = YES;
				CLANG_WARN_SUSPICIOUS_MOVE = YES;
				CLANG_WARN_UNGUARDED_AVAILABILITY = YES_AGGRESSIVE;
				CLANG_WARN_UNREACHABLE_CODE = YES;
				CLANG_WARN__DUPLICATE_METHOD_MATCH = YES;
				COPY_PHASE_STRIP = NO;
				DEBUG_INFORMATION_FORMAT = "dwarf-with-dsym";
				ENABLE_NS_ASSERTIONS = NO;
				ENABLE_STRICT_OBJC_MSGSEND = YES;
				GCC_C_LANGUAGE_STANDARD = gnu11;
				GCC_NO_COMMON_BLOCKS = YES;
				GCC_WARN_64_TO_32_BIT_CONVERSION = YES;
				GCC_WARN_ABOUT_RETURN_TYPE = YES_ERROR;
				GCC_WARN_UNDECLARED_SELECTOR = YES;
				GCC_WARN_UNINITIALIZED_AUTOS = YES_AGGRESSIVE;
				GCC_WARN_UNUSED_FUNCTION = YES;
				GCC_WARN_UNUSED_VARIABLE = YES;
				GENERATE_INFOPLIST_FILE = YES;
				IPHONEOS_DEPLOYMENT_TARGET = 11.0;
				MTL_ENABLE_DEBUG_INFO = NO;
				MTL_FAST_MATH = YES;
				SDKROOT = iphoneos;
				SWIFT_COMPILATION_MODE = wholemodule;
				SWIFT_OPTIMIZATION_LEVEL = "-O";
				VALIDATE_PRODUCT = YES;
			};
			name = Release;
		};
		0030DA732A24A15C001B6261 /* Debug */ = {
			isa = XCBuildConfiguration;
			buildSettings = {
				ASSETCATALOG_COMPILER_APPICON_NAME = AppIcon;
				ASSETCATALOG_COMPILER_GLOBAL_ACCENT_COLOR_NAME = AccentColor;
				CODE_SIGN_STYLE = Automatic;
				CURRENT_PROJECT_VERSION = 1;
				DEVELOPMENT_TEAM = 5BVGD2SKB2;
				GENERATE_INFOPLIST_FILE = YES;
				INFOPLIST_FILE = WYYSDK/Info.plist;
				INFOPLIST_KEY_UIApplicationSupportsIndirectInputEvents = YES;
				INFOPLIST_KEY_UILaunchStoryboardName = LaunchScreen;
				INFOPLIST_KEY_UIMainStoryboardFile = Main;
				INFOPLIST_KEY_UISupportedInterfaceOrientations_iPad = "UIInterfaceOrientationPortrait UIInterfaceOrientationPortraitUpsideDown UIInterfaceOrientationLandscapeLeft UIInterfaceOrientationLandscapeRight";
				INFOPLIST_KEY_UISupportedInterfaceOrientations_iPhone = "UIInterfaceOrientationPortrait UIInterfaceOrientationLandscapeLeft UIInterfaceOrientationLandscapeRight";
				IPHONEOS_DEPLOYMENT_TARGET = 11.0;
				LD_RUNPATH_SEARCH_PATHS = (
					"$(inherited)",
					"@executable_path/Frameworks",
				);
				MARKETING_VERSION = 1.0;
				PRODUCT_BUNDLE_IDENTIFIER = com.wyy.WYYSDK;
				PRODUCT_NAME = "$(TARGET_NAME)";
				SWIFT_EMIT_LOC_STRINGS = YES;
				SWIFT_VERSION = 5.0;
				TARGETED_DEVICE_FAMILY = "1,2";
			};
			name = Debug;
		};
		0030DA742A24A15C001B6261 /* Release */ = {
			isa = XCBuildConfiguration;
			buildSettings = {
				ASSETCATALOG_COMPILER_APPICON_NAME = AppIcon;
				ASSETCATALOG_COMPILER_GLOBAL_ACCENT_COLOR_NAME = AccentColor;
				CODE_SIGN_STYLE = Automatic;
				CURRENT_PROJECT_VERSION = 1;
				DEVELOPMENT_TEAM = 5BVGD2SKB2;
				GENERATE_INFOPLIST_FILE = YES;
				INFOPLIST_FILE = WYYSDK/Info.plist;
				INFOPLIST_KEY_UIApplicationSupportsIndirectInputEvents = YES;
				INFOPLIST_KEY_UILaunchStoryboardName = LaunchScreen;
				INFOPLIST_KEY_UIMainStoryboardFile = Main;
				INFOPLIST_KEY_UISupportedInterfaceOrientations_iPad = "UIInterfaceOrientationPortrait UIInterfaceOrientationPortraitUpsideDown UIInterfaceOrientationLandscapeLeft UIInterfaceOrientationLandscapeRight";
				INFOPLIST_KEY_UISupportedInterfaceOrientations_iPhone = "UIInterfaceOrientationPortrait UIInterfaceOrientationLandscapeLeft UIInterfaceOrientationLandscapeRight";
				IPHONEOS_DEPLOYMENT_TARGET = 11.0;
				LD_RUNPATH_SEARCH_PATHS = (
					"$(inherited)",
					"@executable_path/Frameworks",
				);
				MARKETING_VERSION = 1.0;
				PRODUCT_BUNDLE_IDENTIFIER = com.wyy.WYYSDK;
				PRODUCT_NAME = "$(TARGET_NAME)";
				SWIFT_EMIT_LOC_STRINGS = YES;
				SWIFT_VERSION = 5.0;
				TARGETED_DEVICE_FAMILY = "1,2";
			};
			name = Release;
		};
		0030DA762A24A15C001B6261 /* Debug */ = {
			isa = XCBuildConfiguration;
			buildSettings = {
				ALWAYS_EMBED_SWIFT_STANDARD_LIBRARIES = YES;
				BUNDLE_LOADER = "$(TEST_HOST)";
				CODE_SIGN_STYLE = Automatic;
				CURRENT_PROJECT_VERSION = 1;
				DEVELOPMENT_TEAM = 5BVGD2SKB2;
				GENERATE_INFOPLIST_FILE = YES;
				IPHONEOS_DEPLOYMENT_TARGET = 11.0;
				MARKETING_VERSION = 1.0;
				PRODUCT_BUNDLE_IDENTIFIER = com.wyy.WYYSDKTests;
				PRODUCT_NAME = "$(TARGET_NAME)";
				SWIFT_EMIT_LOC_STRINGS = NO;
				SWIFT_VERSION = 5.0;
				TARGETED_DEVICE_FAMILY = "1,2";
				TEST_HOST = "$(BUILT_PRODUCTS_DIR)/WYYSDK.app/$(BUNDLE_EXECUTABLE_FOLDER_PATH)/WYYSDK";
			};
			name = Debug;
		};
		0030DA772A24A15C001B6261 /* Release */ = {
			isa = XCBuildConfiguration;
			buildSettings = {
				ALWAYS_EMBED_SWIFT_STANDARD_LIBRARIES = YES;
				BUNDLE_LOADER = "$(TEST_HOST)";
				CODE_SIGN_STYLE = Automatic;
				CURRENT_PROJECT_VERSION = 1;
				DEVELOPMENT_TEAM = 5BVGD2SKB2;
				GENERATE_INFOPLIST_FILE = YES;
				IPHONEOS_DEPLOYMENT_TARGET = 11.0;
				MARKETING_VERSION = 1.0;
				PRODUCT_BUNDLE_IDENTIFIER = com.wyy.WYYSDKTests;
				PRODUCT_NAME = "$(TARGET_NAME)";
				SWIFT_EMIT_LOC_STRINGS = NO;
				SWIFT_VERSION = 5.0;
				TARGETED_DEVICE_FAMILY = "1,2";
				TEST_HOST = "$(BUILT_PRODUCTS_DIR)/WYYSDK.app/$(BUNDLE_EXECUTABLE_FOLDER_PATH)/WYYSDK";
			};
			name = Release;
		};
		0030DA792A24A15C001B6261 /* Debug */ = {
			isa = XCBuildConfiguration;
			buildSettings = {
				ALWAYS_EMBED_SWIFT_STANDARD_LIBRARIES = YES;
				CODE_SIGN_STYLE = Automatic;
				CURRENT_PROJECT_VERSION = 1;
				DEVELOPMENT_TEAM = 5BVGD2SKB2;
				GENERATE_INFOPLIST_FILE = YES;
				IPHONEOS_DEPLOYMENT_TARGET = 11.0;
				MARKETING_VERSION = 1.0;
				PRODUCT_BUNDLE_IDENTIFIER = com.wyy.WYYSDKUITests;
				PRODUCT_NAME = "$(TARGET_NAME)";
				SWIFT_EMIT_LOC_STRINGS = NO;
				SWIFT_VERSION = 5.0;
				TARGETED_DEVICE_FAMILY = "1,2";
				TEST_TARGET_NAME = WYYSDK;
			};
			name = Debug;
		};
		0030DA7A2A24A15C001B6261 /* Release */ = {
			isa = XCBuildConfiguration;
			buildSettings = {
				ALWAYS_EMBED_SWIFT_STANDARD_LIBRARIES = YES;
				CODE_SIGN_STYLE = Automatic;
				CURRENT_PROJECT_VERSION = 1;
				DEVELOPMENT_TEAM = 5BVGD2SKB2;
				GENERATE_INFOPLIST_FILE = YES;
				IPHONEOS_DEPLOYMENT_TARGET = 11.0;
				MARKETING_VERSION = 1.0;
				PRODUCT_BUNDLE_IDENTIFIER = com.wyy.WYYSDKUITests;
				PRODUCT_NAME = "$(TARGET_NAME)";
				SWIFT_EMIT_LOC_STRINGS = NO;
				SWIFT_VERSION = 5.0;
				TARGETED_DEVICE_FAMILY = "1,2";
				TEST_TARGET_NAME = WYYSDK;
			};
			name = Release;
		};
/* End XCBuildConfiguration section */

/* Begin XCConfigurationList section */
		0030DA432A24A159001B6261 /* Build configuration list for PBXProject "WYYSDK" */ = {
			isa = XCConfigurationList;
			buildConfigurations = (
				0030DA702A24A15C001B6261 /* Debug */,
				0030DA712A24A15C001B6261 /* Release */,
			);
			defaultConfigurationIsVisible = 0;
			defaultConfigurationName = Release;
		};
		0030DA722A24A15C001B6261 /* Build configuration list for PBXNativeTarget "WYYSDK" */ = {
			isa = XCConfigurationList;
			buildConfigurations = (
				0030DA732A24A15C001B6261 /* Debug */,
				0030DA742A24A15C001B6261 /* Release */,
			);
			defaultConfigurationIsVisible = 0;
			defaultConfigurationName = Release;
		};
		0030DA752A24A15C001B6261 /* Build configuration list for PBXNativeTarget "WYYSDKTests" */ = {
			isa = XCConfigurationList;
			buildConfigurations = (
				0030DA762A24A15C001B6261 /* Debug */,
				0030DA772A24A15C001B6261 /* Release */,
			);
			defaultConfigurationIsVisible = 0;
			defaultConfigurationName = Release;
		};
		0030DA782A24A15C001B6261 /* Build configuration list for PBXNativeTarget "WYYSDKUITests" */ = {
			isa = XCConfigurationList;
			buildConfigurations = (
				0030DA792A24A15C001B6261 /* Debug */,
				0030DA7A2A24A15C001B6261 /* Release */,
			);
			defaultConfigurationIsVisible = 0;
			defaultConfigurationName = Release;
		};
/* End XCConfigurationList section */
	};
	rootObject = 0030DA402A24A159001B6261 /* Project object */;
}
